{
  "name": "surveysstream",
  "lockfileVersion": 3,
  "requires": true,
  "packages": {
    "": {
      "dependencies": {
        "vercel-php": "^0.7.3"
      }
    },
    "node_modules/@libphp/amazon-linux-2-v83": {
      "version": "0.0.7",
      "resolved": "https://registry.npmjs.org/@libphp/amazon-linux-2-v83/-/amazon-linux-2-v83-0.0.7.tgz",
      "integrity": "sha512-hLiwDbRzTSsZ9TaRjdWO95mjJBaRYe5XfT18ok5ecDnzPrYY2S6vyo9nBZSjtcBJbWydRkTrd7hcoJrFNv/2GA=="
    },
    "node_modules/vercel-php": {
      "version": "0.7.3",
      "resolved": "https://registry.npmjs.org/vercel-php/-/vercel-php-0.7.3.tgz",
      "integrity": "sha512-2ZWDmxXqqZ9HyvHi/qaUfjGu+gY22WFPy8NFdZFkjVmFthJzxBz93nWuPsVxOnb5zCZNcAyiaj4cXqhgvYLV1w==",
      "dependencies": {
        "@libphp/amazon-linux-2-v83": ">=0.0.7"
      }
    }
  }
}
